
Microsoft Visual Studio Solution File, Format Version 12.00
# Visual Studio Version 17
VisualStudioVersion = 17.7.34031.279
MinimumVisualStudioVersion = 10.0.40219.1
Project("{FAE04EC0-301F-11D3-BF4B-00C04F79EFBC}") = "Week9", "Week9\Week9.csproj", "{A52192FE-BBB6-4EAB-87B5-50B2FAA293B5}"
EndProject
Global
	GlobalSection(SolutionConfigurationPlatforms) = preSolution
		Debug|Any CPU = Debug|Any CPU
		Release|Any CPU = Release|Any CPU
	EndGlobalSection
	GlobalSection(ProjectConfigurationPlatforms) = postSolution
		{A52192FE-BBB6-4EAB-87B5-50B2FAA293B5}.Debug|Any CPU.ActiveCfg = Debug|Any CPU
		{A52192FE-BBB6-4EAB-87B5-50B2FAA293B5}.Debug|Any CPU.Build.0 = Debug|Any CPU
		{A52192FE-BBB6-4EAB-87B5-50B2FAA293B5}.Release|Any CPU.ActiveCfg = Release|Any CPU
		{A52192FE-BBB6-4EAB-87B5-50B2FAA293B5}.Release|Any CPU.Build.0 = Release|Any CPU
	EndGlobalSection
	GlobalSection(SolutionProperties) = preSolution
		HideSolutionNode = FALSE
	EndGlobalSection
	GlobalSection(ExtensibilityGlobals) = postSolution
		SolutionGuid = {36FCD7A2-7BE8-4881-AD83-54E796A6EE76}
	EndGlobalSection
EndGlobal
